
Microsoft Visual Studio Solution File, Format Version 12.00
# Visual Studio Version 16
VisualStudioVersion = 16.0.31624.102
MinimumVisualStudioVersion = 10.0.40219.1
Project("{FAE04EC0-301F-11D3-BF4B-00C04F79EFBC}") = "WebApi_Emp3", "WebApi_Emp3\WebApi_Emp3.csproj", "{66F3789E-E2BB-4F4F-A649-FAB802077EBE}"
EndProject
Global
	GlobalSection(SolutionConfigurationPlatforms) = preSolution
		Debug|Any CPU = Debug|Any CPU
		Release|Any CPU = Release|Any CPU
	EndGlobalSection
	GlobalSection(ProjectConfigurationPlatforms) = postSolution
		{66F3789E-E2BB-4F4F-A649-FAB802077EBE}.Debug|Any CPU.ActiveCfg = Debug|Any CPU
		{66F3789E-E2BB-4F4F-A649-FAB802077EBE}.Debug|Any CPU.Build.0 = Debug|Any CPU
		{66F3789E-E2BB-4F4F-A649-FAB802077EBE}.Release|Any CPU.ActiveCfg = Release|Any CPU
		{66F3789E-E2BB-4F4F-A649-FAB802077EBE}.Release|Any CPU.Build.0 = Release|Any CPU
	EndGlobalSection
	GlobalSection(SolutionProperties) = preSolution
		HideSolutionNode = FALSE
	EndGlobalSection
	GlobalSection(ExtensibilityGlobals) = postSolution
		SolutionGuid = {9B883A88-BF6E-47A7-A5F8-92C09EAF3389}
	EndGlobalSection
EndGlobal
